
Microsoft Visual Studio Solution File, Format Version 12.00
# Visual Studio Version 16
VisualStudioVersion = 16.0.29215.179
MinimumVisualStudioVersion = 10.0.40219.1
Project("{FAE04EC0-301F-11D3-BF4B-00C04F79EFBC}") = "CoreMVC", "CoreMVC\CoreMVC.csproj", "{1433DB89-DAD9-4A87-9763-F3E79E76CC55}"
EndProject
Global
	GlobalSection(SolutionConfigurationPlatforms) = preSolution
		Debug|Any CPU = Debug|Any CPU
		Release|Any CPU = Release|Any CPU
	EndGlobalSection
	GlobalSection(ProjectConfigurationPlatforms) = postSolution
		{1433DB89-DAD9-4A87-9763-F3E79E76CC55}.Debug|Any CPU.ActiveCfg = Debug|Any CPU
		{1433DB89-DAD9-4A87-9763-F3E79E76CC55}.Debug|Any CPU.Build.0 = Debug|Any CPU
		{1433DB89-DAD9-4A87-9763-F3E79E76CC55}.Release|Any CPU.ActiveCfg = Release|Any CPU
		{1433DB89-DAD9-4A87-9763-F3E79E76CC55}.Release|Any CPU.Build.0 = Release|Any CPU
	EndGlobalSection
	GlobalSection(SolutionProperties) = preSolution
		HideSolutionNode = FALSE
	EndGlobalSection
	GlobalSection(ExtensibilityGlobals) = postSolution
		SolutionGuid = {856AD3AA-E146-4F87-9061-BE847F1C1C1C}
	EndGlobalSection
EndGlobal
